
Microsoft Visual Studio Solution File, Format Version 12.00
# Visual Studio Version 17
VisualStudioVersion = 17.0.31903.59
MinimumVisualStudioVersion = 10.0.40219.1
Project("{2150E333-8FDC-42A3-9474-1A3956D46DE8}") = "src", "src", "{827E0CD3-B72D-47B6-A68D-7590B98EB39B}"
EndProject
Project("{FAE04EC0-301F-11D3-BF4B-00C04F79EFBC}") = "Nesto.SharedKernel", "src\SharedKernel\Nesto.SharedKernel.csproj", "{6F381EA7-9592-4868-8C1E-7884505A5F01}"
EndProject
Project("{FAE04EC0-301F-11D3-BF4B-00C04F79EFBC}") = "Nesto.Domain", "src\Domain\Nesto.Domain.csproj", "{6E9AE05A-11FE-47B2-AC10-8EE0A343B8EE}"
EndProject
Project("{FAE04EC0-301F-11D3-BF4B-00C04F79EFBC}") = "Nesto.Application", "src\Application\Nesto.Application.csproj", "{5449C2C8-8B83-4519-B94D-3F5138CD7482}"
EndProject
Project("{FAE04EC0-301F-11D3-BF4B-00C04F79EFBC}") = "Nesto.Infrastructure", "src\Infrastructure\Nesto.Infrastructure.csproj", "{53F0CE8D-5B9A-4227-9AC6-71DE8D5E6E3C}"
EndProject
Project("{FAE04EC0-301F-11D3-BF4B-00C04F79EFBC}") = "Nesto.Api", "src\Web.Api\Nesto.Api.csproj", "{61D5151A-9A12-4D45-8988-FB114AAC9394}"
EndProject
Project("{2150E333-8FDC-42A3-9474-1A3956D46DE8}") = "tests", "tests", "{0AB3BF05-4346-4AA6-1389-037BE0695223}"
EndProject
Project("{FAE04EC0-301F-11D3-BF4B-00C04F79EFBC}") = "Nesto.Domain.UnitTests", "tests\Domain.UnitTests\Nesto.Domain.UnitTests.csproj", "{2857B49F-621E-4C0D-9BD2-9E43C0C8E7A2}"
EndProject
Project("{FAE04EC0-301F-11D3-BF4B-00C04F79EFBC}") = "Nesto.Application.UnitTests", "tests\Application.UnitTests\Nesto.Application.UnitTests.csproj", "{482A34CB-8B4F-4C5A-86DD-5ECB7D5FB23F}"
EndProject
Project("{FAE04EC0-301F-11D3-BF4B-00C04F79EFBC}") = "Nesto.ArchitectureTests", "tests\ArchitectureTests\Nesto.ArchitectureTests.csproj", "{F3D7C8B5-AB9B-4B77-A47B-D5BA034A8BA1}"
EndProject
Project("{FAE04EC0-301F-11D3-BF4B-00C04F79EFBC}") = "Nesto.IntegrationTests", "tests\IntegrationTests\Nesto.IntegrationTests.csproj", "{7223AA85-B499-422F-9249-7DF5FC6B870E}"
EndProject
Project("{FAE04EC0-301F-11D3-BF4B-00C04F79EFBC}") = "Nesto.Contracts", "src\Contracts\Nesto.Contracts.csproj", "{56897FE4-62CC-4AB0-AE7B-BAA7F09E3705}"
EndProject
Global
	GlobalSection(SolutionConfigurationPlatforms) = preSolution
		Debug|Any CPU = Debug|Any CPU
		Debug|x64 = Debug|x64
		Debug|x86 = Debug|x86
		Release|Any CPU = Release|Any CPU
		Release|x64 = Release|x64
		Release|x86 = Release|x86
	EndGlobalSection
	GlobalSection(ProjectConfigurationPlatforms) = postSolution
		{6F381EA7-9592-4868-8C1E-7884505A5F01}.Debug|Any CPU.ActiveCfg = Debug|Any CPU
		{6F381EA7-9592-4868-8C1E-7884505A5F01}.Debug|Any CPU.Build.0 = Debug|Any CPU
		{6F381EA7-9592-4868-8C1E-7884505A5F01}.Debug|x64.ActiveCfg = Debug|Any CPU
		{6F381EA7-9592-4868-8C1E-7884505A5F01}.Debug|x64.Build.0 = Debug|Any CPU
		{6F381EA7-9592-4868-8C1E-7884505A5F01}.Debug|x86.ActiveCfg = Debug|Any CPU
		{6F381EA7-9592-4868-8C1E-7884505A5F01}.Debug|x86.Build.0 = Debug|Any CPU
		{6F381EA7-9592-4868-8C1E-7884505A5F01}.Release|Any CPU.ActiveCfg = Release|Any CPU
		{6F381EA7-9592-4868-8C1E-7884505A5F01}.Release|Any CPU.Build.0 = Release|Any CPU
		{6F381EA7-9592-4868-8C1E-7884505A5F01}.Release|x64.ActiveCfg = Release|Any CPU
		{6F381EA7-9592-4868-8C1E-7884505A5F01}.Release|x64.Build.0 = Release|Any CPU
		{6F381EA7-9592-4868-8C1E-7884505A5F01}.Release|x86.ActiveCfg = Release|Any CPU
		{6F381EA7-9592-4868-8C1E-7884505A5F01}.Release|x86.Build.0 = Release|Any CPU
		{6E9AE05A-11FE-47B2-AC10-8EE0A343B8EE}.Debug|Any CPU.ActiveCfg = Debug|Any CPU
		{6E9AE05A-11FE-47B2-AC10-8EE0A343B8EE}.Debug|Any CPU.Build.0 = Debug|Any CPU
		{6E9AE05A-11FE-47B2-AC10-8EE0A343B8EE}.Debug|x64.ActiveCfg = Debug|Any CPU
		{6E9AE05A-11FE-47B2-AC10-8EE0A343B8EE}.Debug|x64.Build.0 = Debug|Any CPU
		{6E9AE05A-11FE-47B2-AC10-8EE0A343B8EE}.Debug|x86.ActiveCfg = Debug|Any CPU
		{6E9AE05A-11FE-47B2-AC10-8EE0A343B8EE}.Debug|x86.Build.0 = Debug|Any CPU
		{6E9AE05A-11FE-47B2-AC10-8EE0A343B8EE}.Release|Any CPU.ActiveCfg = Release|Any CPU
		{6E9AE05A-11FE-47B2-AC10-8EE0A343B8EE}.Release|Any CPU.Build.0 = Release|Any CPU
		{6E9AE05A-11FE-47B2-AC10-8EE0A343B8EE}.Release|x64.ActiveCfg = Release|Any CPU
		{6E9AE05A-11FE-47B2-AC10-8EE0A343B8EE}.Release|x64.Build.0 = Release|Any CPU
		{6E9AE05A-11FE-47B2-AC10-8EE0A343B8EE}.Release|x86.ActiveCfg = Release|Any CPU
		{6E9AE05A-11FE-47B2-AC10-8EE0A343B8EE}.Release|x86.Build.0 = Release|Any CPU
		{5449C2C8-8B83-4519-B94D-3F5138CD7482}.Debug|Any CPU.ActiveCfg = Debug|Any CPU
		{5449C2C8-8B83-4519-B94D-3F5138CD7482}.Debug|Any CPU.Build.0 = Debug|Any CPU
		{5449C2C8-8B83-4519-B94D-3F5138CD7482}.Debug|x64.ActiveCfg = Debug|Any CPU
		{5449C2C8-8B83-4519-B94D-3F5138CD7482}.Debug|x64.Build.0 = Debug|Any CPU
		{5449C2C8-8B83-4519-B94D-3F5138CD7482}.Debug|x86.ActiveCfg = Debug|Any CPU
		{5449C2C8-8B83-4519-B94D-3F5138CD7482}.Debug|x86.Build.0 = Debug|Any CPU
		{5449C2C8-8B83-4519-B94D-3F5138CD7482}.Release|Any CPU.ActiveCfg = Release|Any CPU
		{5449C2C8-8B83-4519-B94D-3F5138CD7482}.Release|Any CPU.Build.0 = Release|Any CPU
		{5449C2C8-8B83-4519-B94D-3F5138CD7482}.Release|x64.ActiveCfg = Release|Any CPU
		{5449C2C8-8B83-4519-B94D-3F5138CD7482}.Release|x64.Build.0 = Release|Any CPU
		{5449C2C8-8B83-4519-B94D-3F5138CD7482}.Release|x86.ActiveCfg = Release|Any CPU
		{5449C2C8-8B83-4519-B94D-3F5138CD7482}.Release|x86.Build.0 = Release|Any CPU
		{53F0CE8D-5B9A-4227-9AC6-71DE8D5E6E3C}.Debug|Any CPU.ActiveCfg = Debug|Any CPU
		{53F0CE8D-5B9A-4227-9AC6-71DE8D5E6E3C}.Debug|Any CPU.Build.0 = Debug|Any CPU
		{53F0CE8D-5B9A-4227-9AC6-71DE8D5E6E3C}.Debug|x64.ActiveCfg = Debug|Any CPU
		{53F0CE8D-5B9A-4227-9AC6-71DE8D5E6E3C}.Debug|x64.Build.0 = Debug|Any CPU
		{53F0CE8D-5B9A-4227-9AC6-71DE8D5E6E3C}.Debug|x86.ActiveCfg = Debug|Any CPU
		{53F0CE8D-5B9A-4227-9AC6-71DE8D5E6E3C}.Debug|x86.Build.0 = Debug|Any CPU
		{53F0CE8D-5B9A-4227-9AC6-71DE8D5E6E3C}.Release|Any CPU.ActiveCfg = Release|Any CPU
		{53F0CE8D-5B9A-4227-9AC6-71DE8D5E6E3C}.Release|Any CPU.Build.0 = Release|Any CPU
		{53F0CE8D-5B9A-4227-9AC6-71DE8D5E6E3C}.Release|x64.ActiveCfg = Release|Any CPU
		{53F0CE8D-5B9A-4227-9AC6-71DE8D5E6E3C}.Release|x64.Build.0 = Release|Any CPU
		{53F0CE8D-5B9A-4227-9AC6-71DE8D5E6E3C}.Release|x86.ActiveCfg = Release|Any CPU
		{53F0CE8D-5B9A-4227-9AC6-71DE8D5E6E3C}.Release|x86.Build.0 = Release|Any CPU
		{61D5151A-9A12-4D45-8988-FB114AAC9394}.Debug|Any CPU.ActiveCfg = Debug|Any CPU
		{61D5151A-9A12-4D45-8988-FB114AAC9394}.Debug|Any CPU.Build.0 = Debug|Any CPU
		{61D5151A-9A12-4D45-8988-FB114AAC9394}.Debug|x64.ActiveCfg = Debug|Any CPU
		{61D5151A-9A12-4D45-8988-FB114AAC9394}.Debug|x64.Build.0 = Debug|Any CPU
		{61D5151A-9A12-4D45-8988-FB114AAC9394}.Debug|x86.ActiveCfg = Debug|Any CPU
		{61D5151A-9A12-4D45-8988-FB114AAC9394}.Debug|x86.Build.0 = Debug|Any CPU
		{61D5151A-9A12-4D45-8988-FB114AAC9394}.Release|Any CPU.ActiveCfg = Release|Any CPU
		{61D5151A-9A12-4D45-8988-FB114AAC9394}.Release|Any CPU.Build.0 = Release|Any CPU
		{61D5151A-9A12-4D45-8988-FB114AAC9394}.Release|x64.ActiveCfg = Release|Any CPU
		{61D5151A-9A12-4D45-8988-FB114AAC9394}.Release|x64.Build.0 = Release|Any CPU
		{61D5151A-9A12-4D45-8988-FB114AAC9394}.Release|x86.ActiveCfg = Release|Any CPU
		{61D5151A-9A12-4D45-8988-FB114AAC9394}.Release|x86.Build.0 = Release|Any CPU
		{2857B49F-621E-4C0D-9BD2-9E43C0C8E7A2}.Debug|Any CPU.ActiveCfg = Debug|Any CPU
		{2857B49F-621E-4C0D-9BD2-9E43C0C8E7A2}.Debug|Any CPU.Build.0 = Debug|Any CPU
		{2857B49F-621E-4C0D-9BD2-9E43C0C8E7A2}.Debug|x64.ActiveCfg = Debug|Any CPU
		{2857B49F-621E-4C0D-9BD2-9E43C0C8E7A2}.Debug|x64.Build.0 = Debug|Any CPU
		{2857B49F-621E-4C0D-9BD2-9E43C0C8E7A2}.Debug|x86.ActiveCfg = Debug|Any CPU
		{2857B49F-621E-4C0D-9BD2-9E43C0C8E7A2}.Debug|x86.Build.0 = Debug|Any CPU
		{2857B49F-621E-4C0D-9BD2-9E43C0C8E7A2}.Release|Any CPU.ActiveCfg = Release|Any CPU
		{2857B49F-621E-4C0D-9BD2-9E43C0C8E7A2}.Release|Any CPU.Build.0 = Release|Any CPU
		{2857B49F-621E-4C0D-9BD2-9E43C0C8E7A2}.Release|x64.ActiveCfg = Release|Any CPU
		{2857B49F-621E-4C0D-9BD2-9E43C0C8E7A2}.Release|x64.Build.0 = Release|Any CPU
		{2857B49F-621E-4C0D-9BD2-9E43C0C8E7A2}.Release|x86.ActiveCfg = Release|Any CPU
		{2857B49F-621E-4C0D-9BD2-9E43C0C8E7A2}.Release|x86.Build.0 = Release|Any CPU
		{482A34CB-8B4F-4C5A-86DD-5ECB7D5FB23F}.Debug|Any CPU.ActiveCfg = Debug|Any CPU
		{482A34CB-8B4F-4C5A-86DD-5ECB7D5FB23F}.Debug|Any CPU.Build.0 = Debug|Any CPU
		{482A34CB-8B4F-4C5A-86DD-5ECB7D5FB23F}.Debug|x64.ActiveCfg = Debug|Any CPU
		{482A34CB-8B4F-4C5A-86DD-5ECB7D5FB23F}.Debug|x64.Build.0 = Debug|Any CPU
		{482A34CB-8B4F-4C5A-86DD-5ECB7D5FB23F}.Debug|x86.ActiveCfg = Debug|Any CPU
		{482A34CB-8B4F-4C5A-86DD-5ECB7D5FB23F}.Debug|x86.Build.0 = Debug|Any CPU
		{482A34CB-8B4F-4C5A-86DD-5ECB7D5FB23F}.Release|Any CPU.ActiveCfg = Release|Any CPU
		{482A34CB-8B4F-4C5A-86DD-5ECB7D5FB23F}.Release|Any CPU.Build.0 = Release|Any CPU
		{482A34CB-8B4F-4C5A-86DD-5ECB7D5FB23F}.Release|x64.ActiveCfg = Release|Any CPU
		{482A34CB-8B4F-4C5A-86DD-5ECB7D5FB23F}.Release|x64.Build.0 = Release|Any CPU
		{482A34CB-8B4F-4C5A-86DD-5ECB7D5FB23F}.Release|x86.ActiveCfg = Release|Any CPU
		{482A34CB-8B4F-4C5A-86DD-5ECB7D5FB23F}.Release|x86.Build.0 = Release|Any CPU
		{F3D7C8B5-AB9B-4B77-A47B-D5BA034A8BA1}.Debug|Any CPU.ActiveCfg = Debug|Any CPU
		{F3D7C8B5-AB9B-4B77-A47B-D5BA034A8BA1}.Debug|Any CPU.Build.0 = Debug|Any CPU
		{F3D7C8B5-AB9B-4B77-A47B-D5BA034A8BA1}.Debug|x64.ActiveCfg = Debug|Any CPU
		{F3D7C8B5-AB9B-4B77-A47B-D5BA034A8BA1}.Debug|x64.Build.0 = Debug|Any CPU
		{F3D7C8B5-AB9B-4B77-A47B-D5BA034A8BA1}.Debug|x86.ActiveCfg = Debug|Any CPU
		{F3D7C8B5-AB9B-4B77-A47B-D5BA034A8BA1}.Debug|x86.Build.0 = Debug|Any CPU
		{F3D7C8B5-AB9B-4B77-A47B-D5BA034A8BA1}.Release|Any CPU.ActiveCfg = Release|Any CPU
		{F3D7C8B5-AB9B-4B77-A47B-D5BA034A8BA1}.Release|Any CPU.Build.0 = Release|Any CPU
		{F3D7C8B5-AB9B-4B77-A47B-D5BA034A8BA1}.Release|x64.ActiveCfg = Release|Any CPU
		{F3D7C8B5-AB9B-4B77-A47B-D5BA034A8BA1}.Release|x64.Build.0 = Release|Any CPU
		{F3D7C8B5-AB9B-4B77-A47B-D5BA034A8BA1}.Release|x86.ActiveCfg = Release|Any CPU
		{F3D7C8B5-AB9B-4B77-A47B-D5BA034A8BA1}.Release|x86.Build.0 = Release|Any CPU
		{7223AA85-B499-422F-9249-7DF5FC6B870E}.Debug|Any CPU.ActiveCfg = Debug|Any CPU
		{7223AA85-B499-422F-9249-7DF5FC6B870E}.Debug|Any CPU.Build.0 = Debug|Any CPU
		{7223AA85-B499-422F-9249-7DF5FC6B870E}.Debug|x64.ActiveCfg = Debug|Any CPU
		{7223AA85-B499-422F-9249-7DF5FC6B870E}.Debug|x64.Build.0 = Debug|Any CPU
		{7223AA85-B499-422F-9249-7DF5FC6B870E}.Debug|x86.ActiveCfg = Debug|Any CPU
		{7223AA85-B499-422F-9249-7DF5FC6B870E}.Debug|x86.Build.0 = Debug|Any CPU
		{7223AA85-B499-422F-9249-7DF5FC6B870E}.Release|Any CPU.ActiveCfg = Release|Any CPU
		{7223AA85-B499-422F-9249-7DF5FC6B870E}.Release|Any CPU.Build.0 = Release|Any CPU
		{7223AA85-B499-422F-9249-7DF5FC6B870E}.Release|x64.ActiveCfg = Release|Any CPU
		{7223AA85-B499-422F-9249-7DF5FC6B870E}.Release|x64.Build.0 = Release|Any CPU
		{7223AA85-B499-422F-9249-7DF5FC6B870E}.Release|x86.ActiveCfg = Release|Any CPU
		{7223AA85-B499-422F-9249-7DF5FC6B870E}.Release|x86.Build.0 = Release|Any CPU
		{56897FE4-62CC-4AB0-AE7B-BAA7F09E3705}.Debug|Any CPU.ActiveCfg = Debug|Any CPU
		{56897FE4-62CC-4AB0-AE7B-BAA7F09E3705}.Debug|Any CPU.Build.0 = Debug|Any CPU
		{56897FE4-62CC-4AB0-AE7B-BAA7F09E3705}.Debug|x64.ActiveCfg = Debug|Any CPU
		{56897FE4-62CC-4AB0-AE7B-BAA7F09E3705}.Debug|x64.Build.0 = Debug|Any CPU
		{56897FE4-62CC-4AB0-AE7B-BAA7F09E3705}.Debug|x86.ActiveCfg = Debug|Any CPU
		{56897FE4-62CC-4AB0-AE7B-BAA7F09E3705}.Debug|x86.Build.0 = Debug|Any CPU
		{56897FE4-62CC-4AB0-AE7B-BAA7F09E3705}.Release|Any CPU.ActiveCfg = Release|Any CPU
		{56897FE4-62CC-4AB0-AE7B-BAA7F09E3705}.Release|Any CPU.Build.0 = Release|Any CPU
		{56897FE4-62CC-4AB0-AE7B-BAA7F09E3705}.Release|x64.ActiveCfg = Release|Any CPU
		{56897FE4-62CC-4AB0-AE7B-BAA7F09E3705}.Release|x64.Build.0 = Release|Any CPU
		{56897FE4-62CC-4AB0-AE7B-BAA7F09E3705}.Release|x86.ActiveCfg = Release|Any CPU
		{56897FE4-62CC-4AB0-AE7B-BAA7F09E3705}.Release|x86.Build.0 = Release|Any CPU
	EndGlobalSection
	GlobalSection(SolutionProperties) = preSolution
		HideSolutionNode = FALSE
	EndGlobalSection
	GlobalSection(NestedProjects) = preSolution
		{6F381EA7-9592-4868-8C1E-7884505A5F01} = {827E0CD3-B72D-47B6-A68D-7590B98EB39B}
		{6E9AE05A-11FE-47B2-AC10-8EE0A343B8EE} = {827E0CD3-B72D-47B6-A68D-7590B98EB39B}
		{5449C2C8-8B83-4519-B94D-3F5138CD7482} = {827E0CD3-B72D-47B6-A68D-7590B98EB39B}
		{53F0CE8D-5B9A-4227-9AC6-71DE8D5E6E3C} = {827E0CD3-B72D-47B6-A68D-7590B98EB39B}
		{61D5151A-9A12-4D45-8988-FB114AAC9394} = {827E0CD3-B72D-47B6-A68D-7590B98EB39B}
		{2857B49F-621E-4C0D-9BD2-9E43C0C8E7A2} = {0AB3BF05-4346-4AA6-1389-037BE0695223}
		{482A34CB-8B4F-4C5A-86DD-5ECB7D5FB23F} = {0AB3BF05-4346-4AA6-1389-037BE0695223}
		{F3D7C8B5-AB9B-4B77-A47B-D5BA034A8BA1} = {0AB3BF05-4346-4AA6-1389-037BE0695223}
		{7223AA85-B499-422F-9249-7DF5FC6B870E} = {0AB3BF05-4346-4AA6-1389-037BE0695223}
		{56897FE4-62CC-4AB0-AE7B-BAA7F09E3705} = {827E0CD3-B72D-47B6-A68D-7590B98EB39B}
	EndGlobalSection
EndGlobal
